// !$*UTF8*$!
{
	archiveVersion = 1;
	classes = {
	};
	objectVersion = 77;
	objects = {

/* Begin PBXBuildFile section */
		C85B09202F4A30020074A3BE /* AppDelegate.swift in Sources */ = {isa = PBXBuildFile; fileRef = C85B091F2F4A30020074A3BE /* AppDelegate.swift */; };
		C85B09222F4A30020074A3BE /* SceneDelegate.swift in Sources */ = {isa = PBXBuildFile; fileRef = C85B09212F4A30020074A3BE /* SceneDelegate.swift */; };
		C85B09252F4A30020074A3BE /* LaunchScreen.storyboard in Resources */ = {isa = PBXBuildFile; fileRef = C85B09232F4A30020074A3BE /* LaunchScreen.storyboard */; };
		C85B09282F4A30020074A3BE /* Main.storyboard in Resources */ = {isa = PBXBuildFile; fileRef = C85B09262F4A30020074A3BE /* Main.storyboard */; };
		C85B09312F4A30020074A3BE /* AppDelegate.swift in Sources */ = {isa = PBXBuildFile; fileRef = C85B09302F4A30020074A3BE /* AppDelegate.swift */; };
		C85B09342F4A30020074A3BE /* Main.storyboard in Resources */ = {isa = PBXBuildFile; fileRef = C85B09322F4A30020074A3BE /* Main.storyboard */; };
		C85B093B2F4A30020074A3BE /* Crunchy Watchlist Curator Extension.appex in Embed Foundation Extensions */ = {isa = PBXBuildFile; fileRef = C85B093A2F4A30020074A3BE /* Crunchy Watchlist Curator Extension.appex */; settings = {ATTRIBUTES = (RemoveHeadersOnCopy, ); }; };
		C85B09452F4A30020074A3BE /* Crunchy Watchlist Curator Extension.appex in Embed Foundation Extensions */ = {isa = PBXBuildFile; fileRef = C85B09442F4A30020074A3BE /* Crunchy Watchlist Curator Extension.appex */; settings = {ATTRIBUTES = (RemoveHeadersOnCopy, ); }; };
		C85B094A2F4A30020074A3BE /* Main.html in Resources */ = {isa = PBXBuildFile; fileRef = C85B090F2F4A30010074A3BE /* Main.html */; };
		C85B094B2F4A30020074A3BE /* Main.html in Resources */ = {isa = PBXBuildFile; fileRef = C85B090F2F4A30010074A3BE /* Main.html */; };
		C85B094C2F4A30020074A3BE /* Icon.png in Resources */ = {isa = PBXBuildFile; fileRef = C85B09112F4A30010074A3BE /* Icon.png */; };
		C85B094D2F4A30020074A3BE /* Icon.png in Resources */ = {isa = PBXBuildFile; fileRef = C85B09112F4A30010074A3BE /* Icon.png */; };
		C85B094E2F4A30020074A3BE /* Style.css in Resources */ = {isa = PBXBuildFile; fileRef = C85B09122F4A30010074A3BE /* Style.css */; };
		C85B094F2F4A30020074A3BE /* Style.css in Resources */ = {isa = PBXBuildFile; fileRef = C85B09122F4A30010074A3BE /* Style.css */; };
		C85B09502F4A30020074A3BE /* Script.js in Resources */ = {isa = PBXBuildFile; fileRef = C85B09132F4A30010074A3BE /* Script.js */; };
		C85B09512F4A30020074A3BE /* Script.js in Resources */ = {isa = PBXBuildFile; fileRef = C85B09132F4A30010074A3BE /* Script.js */; };
		C85B09522F4A30020074A3BE /* ViewController.swift in Sources */ = {isa = PBXBuildFile; fileRef = C85B09142F4A30010074A3BE /* ViewController.swift */; };
		C85B09532F4A30020074A3BE /* ViewController.swift in Sources */ = {isa = PBXBuildFile; fileRef = C85B09142F4A30010074A3BE /* ViewController.swift */; };
		C85B09542F4A30020074A3BE /* Assets.xcassets in Resources */ = {isa = PBXBuildFile; fileRef = C85B09152F4A30020074A3BE /* Assets.xcassets */; };
		C85B09552F4A30020074A3BE /* Assets.xcassets in Resources */ = {isa = PBXBuildFile; fileRef = C85B09152F4A30020074A3BE /* Assets.xcassets */; };
		C85B09562F4A30020074A3BE /* SafariWebExtensionHandler.swift in Sources */ = {isa = PBXBuildFile; fileRef = C85B09172F4A30020074A3BE /* SafariWebExtensionHandler.swift */; };
		C85B09572F4A30020074A3BE /* SafariWebExtensionHandler.swift in Sources */ = {isa = PBXBuildFile; fileRef = C85B09172F4A30020074A3BE /* SafariWebExtensionHandler.swift */; };
		C85B096C2F4A30030074A3BE /* Content.css in Resources */ = {isa = PBXBuildFile; fileRef = C85B09692F4A30030074A3BE /* Content.css */; };
		C85B096D2F4A30030074A3BE /* manifest.json in Resources */ = {isa = PBXBuildFile; fileRef = C85B096A2F4A30030074A3BE /* manifest.json */; };
		C85B096E2F4A30030074A3BE /* Content.js in Resources */ = {isa = PBXBuildFile; fileRef = C85B096B2F4A30030074A3BE /* Content.js */; };
		C85B096F2F4A30030074A3BE /* Content.css in Resources */ = {isa = PBXBuildFile; fileRef = C85B09692F4A30030074A3BE /* Content.css */; };
		C85B09702F4A30030074A3BE /* manifest.json in Resources */ = {isa = PBXBuildFile; fileRef = C85B096A2F4A30030074A3BE /* manifest.json */; };
		C85B09712F4A30030074A3BE /* Content.js in Resources */ = {isa = PBXBuildFile; fileRef = C85B096B2F4A30030074A3BE /* Content.js */; };
		C85B09752F4A30030074A3BE /* icons in Resources */ = {isa = PBXBuildFile; fileRef = C85B09742F4A30030074A3BE /* icons */; };
		C85B09762F4A30030074A3BE /* icons in Resources */ = {isa = PBXBuildFile; fileRef = C85B09742F4A30030074A3BE /* icons */; };
/* End PBXBuildFile section */

/* Begin PBXContainerItemProxy section */
		C85B093C2F4A30020074A3BE /* PBXContainerItemProxy */ = {
			isa = PBXContainerItemProxy;
			containerPortal = C85B09092F4A30000074A3BE /* Project object */;
			proxyType = 1;
			remoteGlobalIDString = C85B09392F4A30020074A3BE;
			remoteInfo = "Crunchy Watchlist Curator Extension (iOS)";
		};
		C85B09462F4A30020074A3BE /* PBXContainerItemProxy */ = {
			isa = PBXContainerItemProxy;
			containerPortal = C85B09092F4A30000074A3BE /* Project object */;
			proxyType = 1;
			remoteGlobalIDString = C85B09432F4A30020074A3BE;
			remoteInfo = "Crunchy Watchlist Curator Extension (macOS)";
		};
/* End PBXContainerItemProxy section */

/* Begin PBXCopyFilesBuildPhase section */
		C85B095D2F4A30020074A3BE /* Embed Foundation Extensions */ = {
			isa = PBXCopyFilesBuildPhase;
			buildActionMask = 2147483647;
			dstPath = "";
			dstSubfolderSpec = 13;
			files = (
				C85B093B2F4A30020074A3BE /* Crunchy Watchlist Curator Extension.appex in Embed Foundation Extensions */,
			);
			name = "Embed Foundation Extensions";
			runOnlyForDeploymentPostprocessing = 0;
		};
		C85B09642F4A30020074A3BE /* Embed Foundation Extensions */ = {
			isa = PBXCopyFilesBuildPhase;
			buildActionMask = 2147483647;
			dstPath = "";
			dstSubfolderSpec = 13;
			files = (
				C85B09452F4A30020074A3BE /* Crunchy Watchlist Curator Extension.appex in Embed Foundation Extensions */,
			);
			name = "Embed Foundation Extensions";
			runOnlyForDeploymentPostprocessing = 0;
		};
/* End PBXCopyFilesBuildPhase section */

/* Begin PBXFileReference section */
		C85B09102F4A30010074A3BE /* Base */ = {isa = PBXFileReference; lastKnownFileType = text.html; name = Base; path = Base.lproj/Main.html; sourceTree = "<group>"; };
		C85B09112F4A30010074A3BE /* Icon.png */ = {isa = PBXFileReference; lastKnownFileType = image.png; path = Icon.png; sourceTree = "<group>"; };
		C85B09122F4A30010074A3BE /* Style.css */ = {isa = PBXFileReference; lastKnownFileType = text.css; path = Style.css; sourceTree = "<group>"; };
		C85B09132F4A30010074A3BE /* Script.js */ = {isa = PBXFileReference; lastKnownFileType = sourcecode.javascript; path = Script.js; sourceTree = "<group>"; };
		C85B09142F4A30010074A3BE /* ViewController.swift */ = {isa = PBXFileReference; lastKnownFileType = sourcecode.swift; path = ViewController.swift; sourceTree = "<group>"; };
		C85B09152F4A30020074A3BE /* Assets.xcassets */ = {isa = PBXFileReference; lastKnownFileType = folder.assetcatalog; path = Assets.xcassets; sourceTree = "<group>"; };
		C85B09172F4A30020074A3BE /* SafariWebExtensionHandler.swift */ = {isa = PBXFileReference; lastKnownFileType = sourcecode.swift; path = SafariWebExtensionHandler.swift; sourceTree = "<group>"; };
		C85B091C2F4A30020074A3BE /* Crunchy Watchlist Curator.app */ = {isa = PBXFileReference; explicitFileType = wrapper.application; includeInIndex = 0; path = "Crunchy Watchlist Curator.app"; sourceTree = BUILT_PRODUCTS_DIR; };
		C85B091F2F4A30020074A3BE /* AppDelegate.swift */ = {isa = PBXFileReference; lastKnownFileType = sourcecode.swift; path = AppDelegate.swift; sourceTree = "<group>"; };
		C85B09212F4A30020074A3BE /* SceneDelegate.swift */ = {isa = PBXFileReference; lastKnownFileType = sourcecode.swift; path = SceneDelegate.swift; sourceTree = "<group>"; };
		C85B09242F4A30020074A3BE /* Base */ = {isa = PBXFileReference; lastKnownFileType = file.storyboard; name = Base; path = Base.lproj/LaunchScreen.storyboard; sourceTree = "<group>"; };
		C85B09272F4A30020074A3BE /* Base */ = {isa = PBXFileReference; lastKnownFileType = file.storyboard; name = Base; path = Base.lproj/Main.storyboard; sourceTree = "<group>"; };
		C85B09292F4A30020074A3BE /* Info.plist */ = {isa = PBXFileReference; lastKnownFileType = text.plist.xml; path = Info.plist; sourceTree = "<group>"; };
		C85B092E2F4A30020074A3BE /* Crunchy Watchlist Curator.app */ = {isa = PBXFileReference; explicitFileType = wrapper.application; includeInIndex = 0; path = "Crunchy Watchlist Curator.app"; sourceTree = BUILT_PRODUCTS_DIR; };
		C85B09302F4A30020074A3BE /* AppDelegate.swift */ = {isa = PBXFileReference; lastKnownFileType = sourcecode.swift; path = AppDelegate.swift; sourceTree = "<group>"; };
		C85B09332F4A30020074A3BE /* Base */ = {isa = PBXFileReference; lastKnownFileType = file.storyboard; name = Base; path = Base.lproj/Main.storyboard; sourceTree = "<group>"; };
		C85B09352F4A30020074A3BE /* Info.plist */ = {isa = PBXFileReference; lastKnownFileType = text.plist.xml; path = Info.plist; sourceTree = "<group>"; };
		C85B093A2F4A30020074A3BE /* Crunchy Watchlist Curator Extension.appex */ = {isa = PBXFileReference; explicitFileType = "wrapper.app-extension"; includeInIndex = 0; path = "Crunchy Watchlist Curator Extension.appex"; sourceTree = BUILT_PRODUCTS_DIR; };
		C85B093F2F4A30020074A3BE /* Info.plist */ = {isa = PBXFileReference; lastKnownFileType = text.plist.xml; path = Info.plist; sourceTree = "<group>"; };
		C85B09442F4A30020074A3BE /* Crunchy Watchlist Curator Extension.appex */ = {isa = PBXFileReference; explicitFileType = "wrapper.app-extension"; includeInIndex = 0; path = "Crunchy Watchlist Curator Extension.appex"; sourceTree = BUILT_PRODUCTS_DIR; };
		C85B09492F4A30020074A3BE /* Info.plist */ = {isa = PBXFileReference; lastKnownFileType = text.plist.xml; path = Info.plist; sourceTree = "<group>"; };
		C85B09692F4A30030074A3BE /* Content.css */ = {isa = PBXFileReference; lastKnownFileType = text.css; name = Content.css; path = ../../extension/Content.css; sourceTree = "<group>"; };
		C85B096A2F4A30030074A3BE /* manifest.json */ = {isa = PBXFileReference; lastKnownFileType = text.json; name = manifest.json; path = ../../extension/manifest.json; sourceTree = "<group>"; };
		C85B096B2F4A30030074A3BE /* Content.js */ = {isa = PBXFileReference; lastKnownFileType = sourcecode.javascript; name = Content.js; path = ../../extension/Content.js; sourceTree = "<group>"; };
		C85B09742F4A30030074A3BE /* icons */ = {isa = PBXFileReference; lastKnownFileType = folder; name = icons; path = ../../extension/icons; sourceTree = "<group>"; };
/* End PBXFileReference section */

/* Begin PBXFrameworksBuildPhase section */
		C85B09192F4A30020074A3BE /* Frameworks */ = {
			isa = PBXFrameworksBuildPhase;
			buildActionMask = 2147483647;
			files = (
			);
			runOnlyForDeploymentPostprocessing = 0;
		};
		C85B092B2F4A30020074A3BE /* Frameworks */ = {
			isa = PBXFrameworksBuildPhase;
			buildActionMask = 2147483647;
			files = (
			);
			runOnlyForDeploymentPostprocessing = 0;
		};
		C85B09372F4A30020074A3BE /* Frameworks */ = {
			isa = PBXFrameworksBuildPhase;
			buildActionMask = 2147483647;
			files = (
			);
			runOnlyForDeploymentPostprocessing = 0;
		};
		C85B09412F4A30020074A3BE /* Frameworks */ = {
			isa = PBXFrameworksBuildPhase;
			buildActionMask = 2147483647;
			files = (
			);
			runOnlyForDeploymentPostprocessing = 0;
		};
/* End PBXFrameworksBuildPhase section */

/* Begin PBXGroup section */
		C85B09082F4A30000074A3BE = {
			isa = PBXGroup;
			children = (
				C85B090D2F4A30010074A3BE /* Shared (App) */,
				C85B09162F4A30020074A3BE /* Shared (Extension) */,
				C85B091E2F4A30020074A3BE /* iOS (App) */,
				C85B092F2F4A30020074A3BE /* macOS (App) */,
				C85B093E2F4A30020074A3BE /* iOS (Extension) */,
				C85B09482F4A30020074A3BE /* macOS (Extension) */,
				C85B091D2F4A30020074A3BE /* Products */,
			);
			sourceTree = "<group>";
		};
		C85B090D2F4A30010074A3BE /* Shared (App) */ = {
			isa = PBXGroup;
			children = (
				C85B09142F4A30010074A3BE /* ViewController.swift */,
				C85B09152F4A30020074A3BE /* Assets.xcassets */,
				C85B090E2F4A30010074A3BE /* Resources */,
			);
			path = "Shared (App)";
			sourceTree = "<group>";
		};
		C85B090E2F4A30010074A3BE /* Resources */ = {
			isa = PBXGroup;
			children = (
				C85B090F2F4A30010074A3BE /* Main.html */,
				C85B09112F4A30010074A3BE /* Icon.png */,
				C85B09122F4A30010074A3BE /* Style.css */,
				C85B09132F4A30010074A3BE /* Script.js */,
			);
			path = Resources;
			sourceTree = "<group>";
		};
		C85B09162F4A30020074A3BE /* Shared (Extension) */ = {
			isa = PBXGroup;
			children = (
				C85B09682F4A30030074A3BE /* Resources */,
				C85B09172F4A30020074A3BE /* SafariWebExtensionHandler.swift */,
			);
			path = "Shared (Extension)";
			sourceTree = "<group>";
		};
		C85B091D2F4A30020074A3BE /* Products */ = {
			isa = PBXGroup;
			children = (
				C85B091C2F4A30020074A3BE /* Crunchy Watchlist Curator.app */,
				C85B092E2F4A30020074A3BE /* Crunchy Watchlist Curator.app */,
				C85B093A2F4A30020074A3BE /* Crunchy Watchlist Curator Extension.appex */,
				C85B09442F4A30020074A3BE /* Crunchy Watchlist Curator Extension.appex */,
			);
			name = Products;
			sourceTree = "<group>";
		};
		C85B091E2F4A30020074A3BE /* iOS (App) */ = {
			isa = PBXGroup;
			children = (
				C85B091F2F4A30020074A3BE /* AppDelegate.swift */,
				C85B09212F4A30020074A3BE /* SceneDelegate.swift */,
				C85B09232F4A30020074A3BE /* LaunchScreen.storyboard */,
				C85B09262F4A30020074A3BE /* Main.storyboard */,
				C85B09292F4A30020074A3BE /* Info.plist */,
			);
			path = "iOS (App)";
			sourceTree = "<group>";
		};
		C85B092F2F4A30020074A3BE /* macOS (App) */ = {
			isa = PBXGroup;
			children = (
				C85B09302F4A30020074A3BE /* AppDelegate.swift */,
				C85B09322F4A30020074A3BE /* Main.storyboard */,
				C85B09352F4A30020074A3BE /* Info.plist */,
			);
			path = "macOS (App)";
			sourceTree = "<group>";
		};
		C85B093E2F4A30020074A3BE /* iOS (Extension) */ = {
			isa = PBXGroup;
			children = (
				C85B093F2F4A30020074A3BE /* Info.plist */,
			);
			path = "iOS (Extension)";
			sourceTree = "<group>";
		};
		C85B09482F4A30020074A3BE /* macOS (Extension) */ = {
			isa = PBXGroup;
			children = (
				C85B09492F4A30020074A3BE /* Info.plist */,
			);
			path = "macOS (Extension)";
			sourceTree = "<group>";
		};
		C85B09682F4A30030074A3BE /* Resources */ = {
			isa = PBXGroup;
			children = (
				C85B09692F4A30030074A3BE /* Content.css */,
				C85B096A2F4A30030074A3BE /* manifest.json */,
				C85B096B2F4A30030074A3BE /* Content.js */,
				C85B09742F4A30030074A3BE /* icons */,
			);
			name = Resources;
			path = "Shared (Extension)";
			sourceTree = SOURCE_ROOT;
		};
/* End PBXGroup section */

/* Begin PBXNativeTarget section */
		C85B091B2F4A30020074A3BE /* Crunchy Watchlist Curator (iOS) */ = {
			isa = PBXNativeTarget;
			buildConfigurationList = C85B095E2F4A30020074A3BE /* Build configuration list for PBXNativeTarget "Crunchy Watchlist Curator (iOS)" */;
			buildPhases = (
				C85B09182F4A30020074A3BE /* Sources */,
				C85B09192F4A30020074A3BE /* Frameworks */,
				C85B091A2F4A30020074A3BE /* Resources */,
				C85B095D2F4A30020074A3BE /* Embed Foundation Extensions */,
			);
			buildRules = (
			);
			dependencies = (
				C85B093D2F4A30020074A3BE /* PBXTargetDependency */,
			);
			name = "Crunchy Watchlist Curator (iOS)";
			packageProductDependencies = (
			);
			productName = "Crunchy Watchlist Curator (iOS)";
			productReference = C85B091C2F4A30020074A3BE /* Crunchy Watchlist Curator.app */;
			productType = "com.apple.product-type.application";
		};
		C85B092D2F4A30020074A3BE /* Crunchy Watchlist Curator (macOS) */ = {
			isa = PBXNativeTarget;
			buildConfigurationList = C85B09652F4A30020074A3BE /* Build configuration list for PBXNativeTarget "Crunchy Watchlist Curator (macOS)" */;
			buildPhases = (
				C85B092A2F4A30020074A3BE /* Sources */,
				C85B092B2F4A30020074A3BE /* Frameworks */,
				C85B092C2F4A30020074A3BE /* Resources */,
				C85B09642F4A30020074A3BE /* Embed Foundation Extensions */,
			);
			buildRules = (
			);
			dependencies = (
				C85B09472F4A30020074A3BE /* PBXTargetDependency */,
			);
			name = "Crunchy Watchlist Curator (macOS)";
			packageProductDependencies = (
			);
			productName = "Crunchy Watchlist Curator (macOS)";
			productReference = C85B092E2F4A30020074A3BE /* Crunchy Watchlist Curator.app */;
			productType = "com.apple.product-type.application";
		};
		C85B09392F4A30020074A3BE /* Crunchy Watchlist Curator Extension (iOS) */ = {
			isa = PBXNativeTarget;
			buildConfigurationList = C85B095A2F4A30020074A3BE /* Build configuration list for PBXNativeTarget "Crunchy Watchlist Curator Extension (iOS)" */;
			buildPhases = (
				C85B09362F4A30020074A3BE /* Sources */,
				C85B09372F4A30020074A3BE /* Frameworks */,
				C85B09382F4A30020074A3BE /* Resources */,
			);
			buildRules = (
			);
			dependencies = (
			);
			name = "Crunchy Watchlist Curator Extension (iOS)";
			packageProductDependencies = (
			);
			productName = "Crunchy Watchlist Curator Extension (iOS)";
			productReference = C85B093A2F4A30020074A3BE /* Crunchy Watchlist Curator Extension.appex */;
			productType = "com.apple.product-type.app-extension";
		};
		C85B09432F4A30020074A3BE /* Crunchy Watchlist Curator Extension (macOS) */ = {
			isa = PBXNativeTarget;
			buildConfigurationList = C85B09612F4A30020074A3BE /* Build configuration list for PBXNativeTarget "Crunchy Watchlist Curator Extension (macOS)" */;
			buildPhases = (
				C85B09402F4A30020074A3BE /* Sources */,
				C85B09412F4A30020074A3BE /* Frameworks */,
				C85B09422F4A30020074A3BE /* Resources */,
			);
			buildRules = (
			);
			dependencies = (
			);
			name = "Crunchy Watchlist Curator Extension (macOS)";
			packageProductDependencies = (
			);
			productName = "Crunchy Watchlist Curator Extension (macOS)";
			productReference = C85B09442F4A30020074A3BE /* Crunchy Watchlist Curator Extension.appex */;
			productType = "com.apple.product-type.app-extension";
		};
/* End PBXNativeTarget section */

/* Begin PBXProject section */
		C85B09092F4A30000074A3BE /* Project object */ = {
			isa = PBXProject;
			attributes = {
				BuildIndependentTargetsInParallel = 1;
				LastSwiftUpdateCheck = 2620;
				LastUpgradeCheck = 2620;
				TargetAttributes = {
					C85B091B2F4A30020074A3BE = {
						CreatedOnToolsVersion = 26.2;
					};
					C85B092D2F4A30020074A3BE = {
						CreatedOnToolsVersion = 26.2;
					};
					C85B09392F4A30020074A3BE = {
						CreatedOnToolsVersion = 26.2;
					};
					C85B09432F4A30020074A3BE = {
						CreatedOnToolsVersion = 26.2;
					};
				};
			};
			buildConfigurationList = C85B090C2F4A30000074A3BE /* Build configuration list for PBXProject "Crunchy Watchlist Curator" */;
			developmentRegion = en;
			hasScannedForEncodings = 0;
			knownRegions = (
				en,
				Base,
			);
			mainGroup = C85B09082F4A30000074A3BE;
			minimizedProjectReferenceProxies = 1;
			preferredProjectObjectVersion = 77;
			productRefGroup = C85B091D2F4A30020074A3BE /* Products */;
			projectDirPath = "";
			projectRoot = "";
			targets = (
				C85B091B2F4A30020074A3BE /* Crunchy Watchlist Curator (iOS) */,
				C85B092D2F4A30020074A3BE /* Crunchy Watchlist Curator (macOS) */,
				C85B09392F4A30020074A3BE /* Crunchy Watchlist Curator Extension (iOS) */,
				C85B09432F4A30020074A3BE /* Crunchy Watchlist Curator Extension (macOS) */,
			);
		};
/* End PBXProject section */

/* Begin PBXResourcesBuildPhase section */
		C85B091A2F4A30020074A3BE /* Resources */ = {
			isa = PBXResourcesBuildPhase;
			buildActionMask = 2147483647;
			files = (
				C85B094C2F4A30020074A3BE /* Icon.png in Resources */,
				C85B09252F4A30020074A3BE /* LaunchScreen.storyboard in Resources */,
				C85B094A2F4A30020074A3BE /* Main.html in Resources */,
				C85B09502F4A30020074A3BE /* Script.js in Resources */,
				C85B09542F4A30020074A3BE /* Assets.xcassets in Resources */,
				C85B09282F4A30020074A3BE /* Main.storyboard in Resources */,
				C85B094E2F4A30020074A3BE /* Style.css in Resources */,
			);
			runOnlyForDeploymentPostprocessing = 0;
		};
		C85B092C2F4A30020074A3BE /* Resources */ = {
			isa = PBXResourcesBuildPhase;
			buildActionMask = 2147483647;
			files = (
				C85B094D2F4A30020074A3BE /* Icon.png in Resources */,
				C85B094F2F4A30020074A3BE /* Style.css in Resources */,
				C85B09342F4A30020074A3BE /* Main.storyboard in Resources */,
				C85B09512F4A30020074A3BE /* Script.js in Resources */,
				C85B09552F4A30020074A3BE /* Assets.xcassets in Resources */,
				C85B094B2F4A30020074A3BE /* Main.html in Resources */,
			);
			runOnlyForDeploymentPostprocessing = 0;
		};
		C85B09382F4A30020074A3BE /* Resources */ = {
			isa = PBXResourcesBuildPhase;
			buildActionMask = 2147483647;
			files = (
				C85B09712F4A30030074A3BE /* Content.js in Resources */,
				C85B09752F4A30030074A3BE /* icons in Resources */,
				C85B09702F4A30030074A3BE /* manifest.json in Resources */,
				C85B096F2F4A30030074A3BE /* Content.css in Resources */,
			);
			runOnlyForDeploymentPostprocessing = 0;
		};
		C85B09422F4A30020074A3BE /* Resources */ = {
			isa = PBXResourcesBuildPhase;
			buildActionMask = 2147483647;
			files = (
				C85B096E2F4A30030074A3BE /* Content.js in Resources */,
				C85B09762F4A30030074A3BE /* icons in Resources */,
				C85B096D2F4A30030074A3BE /* manifest.json in Resources */,
				C85B096C2F4A30030074A3BE /* Content.css in Resources */,
			);
			runOnlyForDeploymentPostprocessing = 0;
		};
/* End PBXResourcesBuildPhase section */

/* Begin PBXSourcesBuildPhase section */
		C85B09182F4A30020074A3BE /* Sources */ = {
			isa = PBXSourcesBuildPhase;
			buildActionMask = 2147483647;
			files = (
				C85B09522F4A30020074A3BE /* ViewController.swift in Sources */,
				C85B09202F4A30020074A3BE /* AppDelegate.swift in Sources */,
				C85B09222F4A30020074A3BE /* SceneDelegate.swift in Sources */,
			);
			runOnlyForDeploymentPostprocessing = 0;
		};
		C85B092A2F4A30020074A3BE /* Sources */ = {
			isa = PBXSourcesBuildPhase;
			buildActionMask = 2147483647;
			files = (
				C85B09532F4A30020074A3BE /* ViewController.swift in Sources */,
				C85B09312F4A30020074A3BE /* AppDelegate.swift in Sources */,
			);
			runOnlyForDeploymentPostprocessing = 0;
		};
		C85B09362F4A30020074A3BE /* Sources */ = {
			isa = PBXSourcesBuildPhase;
			buildActionMask = 2147483647;
			files = (
				C85B09562F4A30020074A3BE /* SafariWebExtensionHandler.swift in Sources */,
			);
			runOnlyForDeploymentPostprocessing = 0;
		};
		C85B09402F4A30020074A3BE /* Sources */ = {
			isa = PBXSourcesBuildPhase;
			buildActionMask = 2147483647;
			files = (
				C85B09572F4A30020074A3BE /* SafariWebExtensionHandler.swift in Sources */,
			);
			runOnlyForDeploymentPostprocessing = 0;
		};
/* End PBXSourcesBuildPhase section */

/* Begin PBXTargetDependency section */
		C85B093D2F4A30020074A3BE /* PBXTargetDependency */ = {
			isa = PBXTargetDependency;
			target = C85B09392F4A30020074A3BE /* Crunchy Watchlist Curator Extension (iOS) */;
			targetProxy = C85B093C2F4A30020074A3BE /* PBXContainerItemProxy */;
		};
		C85B09472F4A30020074A3BE /* PBXTargetDependency */ = {
			isa = PBXTargetDependency;
			target = C85B09432F4A30020074A3BE /* Crunchy Watchlist Curator Extension (macOS) */;
			targetProxy = C85B09462F4A30020074A3BE /* PBXContainerItemProxy */;
		};
/* End PBXTargetDependency section */

/* Begin PBXVariantGroup section */
		C85B090F2F4A30010074A3BE /* Main.html */ = {
			isa = PBXVariantGroup;
			children = (
				C85B09102F4A30010074A3BE /* Base */,
			);
			name = Main.html;
			sourceTree = "<group>";
		};
		C85B09232F4A30020074A3BE /* LaunchScreen.storyboard */ = {
			isa = PBXVariantGroup;
			children = (
				C85B09242F4A30020074A3BE /* Base */,
			);
			name = LaunchScreen.storyboard;
			sourceTree = "<group>";
		};
		C85B09262F4A30020074A3BE /* Main.storyboard */ = {
			isa = PBXVariantGroup;
			children = (
				C85B09272F4A30020074A3BE /* Base */,
			);
			name = Main.storyboard;
			sourceTree = "<group>";
		};
		C85B09322F4A30020074A3BE /* Main.storyboard */ = {
			isa = PBXVariantGroup;
			children = (
				C85B09332F4A30020074A3BE /* Base */,
			);
			name = Main.storyboard;
			sourceTree = "<group>";
		};
/* End PBXVariantGroup section */

/* Begin XCBuildConfiguration section */
		C85B09582F4A30020074A3BE /* Debug */ = {
			isa = XCBuildConfiguration;
			buildSettings = {
				ALWAYS_SEARCH_USER_PATHS = NO;
				ASSETCATALOG_COMPILER_GENERATE_SWIFT_ASSET_SYMBOL_EXTENSIONS = YES;
				CLANG_ANALYZER_NONNULL = YES;
				CLANG_ANALYZER_NUMBER_OBJECT_CONVERSION = YES_AGGRESSIVE;
				CLANG_CXX_LANGUAGE_STANDARD = "gnu++20";
				CLANG_ENABLE_MODULES = YES;
				CLANG_ENABLE_OBJC_ARC = YES;
				CLANG_ENABLE_OBJC_WEAK = YES;
				CLANG_WARN_BLOCK_CAPTURE_AUTORELEASING = YES;
				CLANG_WARN_BOOL_CONVERSION = YES;
				CLANG_WARN_COMMA = YES;
				CLANG_WARN_CONSTANT_CONVERSION = YES;
				CLANG_WARN_DEPRECATED_OBJC_IMPLEMENTATIONS = YES;
				CLANG_WARN_DIRECT_OBJC_ISA_USAGE = YES_ERROR;
				CLANG_WARN_DOCUMENTATION_COMMENTS = YES;
				CLANG_WARN_EMPTY_BODY = YES;
				CLANG_WARN_ENUM_CONVERSION = YES;
				CLANG_WARN_INFINITE_RECURSION = YES;
				CLANG_WARN_INT_CONVERSION = YES;
				CLANG_WARN_NON_LITERAL_NULL_CONVERSION = YES;
				CLANG_WARN_OBJC_IMPLICIT_RETAIN_SELF = YES;
				CLANG_WARN_OBJC_LITERAL_CONVERSION = YES;
				CLANG_WARN_OBJC_ROOT_CLASS = YES_ERROR;
				CLANG_WARN_QUOTED_INCLUDE_IN_FRAMEWORK_HEADER = YES;
				CLANG_WARN_RANGE_LOOP_ANALYSIS = YES;
				CLANG_WARN_STRICT_PROTOTYPES = YES;
				CLANG_WARN_SUSPICIOUS_MOVE = YES;
				CLANG_WARN_UNGUARDED_AVAILABILITY = YES_AGGRESSIVE;
				CLANG_WARN_UNREACHABLE_CODE = YES;
				CLANG_WARN__DUPLICATE_METHOD_MATCH = YES;
				COPY_PHASE_STRIP = NO;
				DEBUG_INFORMATION_FORMAT = dwarf;
				ENABLE_STRICT_OBJC_MSGSEND = YES;
				ENABLE_TESTABILITY = YES;
				ENABLE_USER_SCRIPT_SANDBOXING = YES;
				GCC_C_LANGUAGE_STANDARD = gnu17;
				GCC_DYNAMIC_NO_PIC = NO;
				GCC_NO_COMMON_BLOCKS = YES;
				GCC_OPTIMIZATION_LEVEL = 0;
				GCC_PREPROCESSOR_DEFINITIONS = (
					"DEBUG=1",
					"$(inherited)",
				);
				GCC_WARN_64_TO_32_BIT_CONVERSION = YES;
				GCC_WARN_ABOUT_RETURN_TYPE = YES_ERROR;
				GCC_WARN_UNDECLARED_SELECTOR = YES;
				GCC_WARN_UNINITIALIZED_AUTOS = YES_AGGRESSIVE;
				GCC_WARN_UNUSED_FUNCTION = YES;
				GCC_WARN_UNUSED_VARIABLE = YES;
				LOCALIZATION_PREFERS_STRING_CATALOGS = YES;
				MTL_ENABLE_DEBUG_INFO = INCLUDE_SOURCE;
				MTL_FAST_MATH = YES;
				ONLY_ACTIVE_ARCH = YES;
				SWIFT_ACTIVE_COMPILATION_CONDITIONS = "DEBUG $(inherited)";
				SWIFT_OPTIMIZATION_LEVEL = "-Onone";
			};
			name = Debug;
		};
		C85B09592F4A30020074A3BE /* Release */ = {
			isa = XCBuildConfiguration;
			buildSettings = {
				ALWAYS_SEARCH_USER_PATHS = NO;
				ASSETCATALOG_COMPILER_GENERATE_SWIFT_ASSET_SYMBOL_EXTENSIONS = YES;
				CLANG_ANALYZER_NONNULL = YES;
				CLANG_ANALYZER_NUMBER_OBJECT_CONVERSION = YES_AGGRESSIVE;
				CLANG_CXX_LANGUAGE_STANDARD = "gnu++20";
				CLANG_ENABLE_MODULES = YES;
				CLANG_ENABLE_OBJC_ARC = YES;
				CLANG_ENABLE_OBJC_WEAK = YES;
				CLANG_WARN_BLOCK_CAPTURE_AUTORELEASING = YES;
				CLANG_WARN_BOOL_CONVERSION = YES;
				CLANG_WARN_COMMA = YES;
				CLANG_WARN_CONSTANT_CONVERSION = YES;
				CLANG_WARN_DEPRECATED_OBJC_IMPLEMENTATIONS = YES;
				CLANG_WARN_DIRECT_OBJC_ISA_USAGE = YES_ERROR;
				CLANG_WARN_DOCUMENTATION_COMMENTS = YES;
				CLANG_WARN_EMPTY_BODY = YES;
				CLANG_WARN_ENUM_CONVERSION = YES;
				CLANG_WARN_INFINITE_RECURSION = YES;
				CLANG_WARN_INT_CONVERSION = YES;
				CLANG_WARN_NON_LITERAL_NULL_CONVERSION = YES;
				CLANG_WARN_OBJC_IMPLICIT_RETAIN_SELF = YES;
				CLANG_WARN_OBJC_LITERAL_CONVERSION = YES;
				CLANG_WARN_OBJC_ROOT_CLASS = YES_ERROR;
				CLANG_WARN_QUOTED_INCLUDE_IN_FRAMEWORK_HEADER = YES;
				CLANG_WARN_RANGE_LOOP_ANALYSIS = YES;
				CLANG_WARN_STRICT_PROTOTYPES = YES;
				CLANG_WARN_SUSPICIOUS_MOVE = YES;
				CLANG_WARN_UNGUARDED_AVAILABILITY = YES_AGGRESSIVE;
				CLANG_WARN_UNREACHABLE_CODE = YES;
				CLANG_WARN__DUPLICATE_METHOD_MATCH = YES;
				COPY_PHASE_STRIP = NO;
				DEBUG_INFORMATION_FORMAT = "dwarf-with-dsym";
				ENABLE_NS_ASSERTIONS = NO;
				ENABLE_STRICT_OBJC_MSGSEND = YES;
				ENABLE_USER_SCRIPT_SANDBOXING = YES;
				GCC_C_LANGUAGE_STANDARD = gnu17;
				GCC_NO_COMMON_BLOCKS = YES;
				GCC_WARN_64_TO_32_BIT_CONVERSION = YES;
				GCC_WARN_ABOUT_RETURN_TYPE = YES_ERROR;
				GCC_WARN_UNDECLARED_SELECTOR = YES;
				GCC_WARN_UNINITIALIZED_AUTOS = YES_AGGRESSIVE;
				GCC_WARN_UNUSED_FUNCTION = YES;
				GCC_WARN_UNUSED_VARIABLE = YES;
				LOCALIZATION_PREFERS_STRING_CATALOGS = YES;
				MTL_ENABLE_DEBUG_INFO = NO;
				MTL_FAST_MATH = YES;
				SWIFT_COMPILATION_MODE = wholemodule;
			};
			name = Release;
		};
		C85B095B2F4A30020074A3BE /* Debug */ = {
			isa = XCBuildConfiguration;
			buildSettings = {
				CODE_SIGN_STYLE = Automatic;
				CURRENT_PROJECT_VERSION = 1;
				GENERATE_INFOPLIST_FILE = YES;
				INFOPLIST_FILE = "iOS (Extension)/Info.plist";
				INFOPLIST_KEY_CFBundleDisplayName = "Crunchy Watchlist Curator Extension";
				INFOPLIST_KEY_NSHumanReadableCopyright = "";
				IPHONEOS_DEPLOYMENT_TARGET = 15.0;
				LD_RUNPATH_SEARCH_PATHS = (
					"$(inherited)",
					"@executable_path/Frameworks",
					"@executable_path/../../Frameworks",
				);
				MARKETING_VERSION = 1.0;
				OTHER_LDFLAGS = (
					"-framework",
					SafariServices,
				);
				PRODUCT_BUNDLE_IDENTIFIER = "dev.matthewfrench.CrunchyWatchlistCurator.Extension";
				PRODUCT_NAME = "Crunchy Watchlist Curator Extension";
				SDKROOT = iphoneos;
				SKIP_INSTALL = YES;
				STRING_CATALOG_GENERATE_SYMBOLS = YES;
				SWIFT_APPROACHABLE_CONCURRENCY = YES;
				SWIFT_EMIT_LOC_STRINGS = YES;
				SWIFT_UPCOMING_FEATURE_MEMBER_IMPORT_VISIBILITY = YES;
				SWIFT_VERSION = 5.0;
				TARGETED_DEVICE_FAMILY = "1,2";
			};
			name = Debug;
		};
		C85B095C2F4A30020074A3BE /* Release */ = {
			isa = XCBuildConfiguration;
			buildSettings = {
				CODE_SIGN_STYLE = Automatic;
				CURRENT_PROJECT_VERSION = 1;
				GENERATE_INFOPLIST_FILE = YES;
				INFOPLIST_FILE = "iOS (Extension)/Info.plist";
				INFOPLIST_KEY_CFBundleDisplayName = "Crunchy Watchlist Curator Extension";
				INFOPLIST_KEY_NSHumanReadableCopyright = "";
				IPHONEOS_DEPLOYMENT_TARGET = 15.0;
				LD_RUNPATH_SEARCH_PATHS = (
					"$(inherited)",
					"@executable_path/Frameworks",
					"@executable_path/../../Frameworks",
				);
				MARKETING_VERSION = 1.0;
				OTHER_LDFLAGS = (
					"-framework",
					SafariServices,
				);
				PRODUCT_BUNDLE_IDENTIFIER = "dev.matthewfrench.CrunchyWatchlistCurator.Extension";
				PRODUCT_NAME = "Crunchy Watchlist Curator Extension";
				SDKROOT = iphoneos;
				SKIP_INSTALL = YES;
				STRING_CATALOG_GENERATE_SYMBOLS = YES;
				SWIFT_APPROACHABLE_CONCURRENCY = YES;
				SWIFT_EMIT_LOC_STRINGS = YES;
				SWIFT_UPCOMING_FEATURE_MEMBER_IMPORT_VISIBILITY = YES;
				SWIFT_VERSION = 5.0;
				TARGETED_DEVICE_FAMILY = "1,2";
				VALIDATE_PRODUCT = YES;
			};
			name = Release;
		};
		C85B095F2F4A30020074A3BE /* Debug */ = {
			isa = XCBuildConfiguration;
			buildSettings = {
				ASSETCATALOG_COMPILER_APPICON_NAME = AppIcon;
				ASSETCATALOG_COMPILER_GLOBAL_ACCENT_COLOR_NAME = AccentColor;
				CODE_SIGN_STYLE = Automatic;
				CURRENT_PROJECT_VERSION = 1;
				GENERATE_INFOPLIST_FILE = YES;
				INFOPLIST_FILE = "iOS (App)/Info.plist";
				INFOPLIST_KEY_CFBundleDisplayName = "Crunchy Watchlist Curator";
				INFOPLIST_KEY_UIApplicationSupportsIndirectInputEvents = YES;
				INFOPLIST_KEY_UILaunchStoryboardName = LaunchScreen;
				INFOPLIST_KEY_UIMainStoryboardFile = Main;
				INFOPLIST_KEY_UISupportedInterfaceOrientations = "UIInterfaceOrientationPortrait UIInterfaceOrientationLandscapeLeft UIInterfaceOrientationLandscapeRight";
				INFOPLIST_KEY_UISupportedInterfaceOrientations_iPad = "UIInterfaceOrientationPortrait UIInterfaceOrientationPortraitUpsideDown UIInterfaceOrientationLandscapeLeft UIInterfaceOrientationLandscapeRight";
				IPHONEOS_DEPLOYMENT_TARGET = 15.0;
				LD_RUNPATH_SEARCH_PATHS = (
					"$(inherited)",
					"@executable_path/Frameworks",
				);
				MARKETING_VERSION = 1.0;
				OTHER_LDFLAGS = (
					"-framework",
					SafariServices,
					"-framework",
					WebKit,
				);
				PRODUCT_BUNDLE_IDENTIFIER = "dev.matthewfrench.CrunchyWatchlistCurator";
				PRODUCT_NAME = "Crunchy Watchlist Curator";
				SDKROOT = iphoneos;
				STRING_CATALOG_GENERATE_SYMBOLS = YES;
				SWIFT_APPROACHABLE_CONCURRENCY = YES;
				SWIFT_DEFAULT_ACTOR_ISOLATION = MainActor;
				SWIFT_EMIT_LOC_STRINGS = YES;
				SWIFT_UPCOMING_FEATURE_MEMBER_IMPORT_VISIBILITY = YES;
				SWIFT_VERSION = 5.0;
				TARGETED_DEVICE_FAMILY = "1,2";
			};
			name = Debug;
		};
		C85B09602F4A30020074A3BE /* Release */ = {
			isa = XCBuildConfiguration;
			buildSettings = {
				ASSETCATALOG_COMPILER_APPICON_NAME = AppIcon;
				ASSETCATALOG_COMPILER_GLOBAL_ACCENT_COLOR_NAME = AccentColor;
				CODE_SIGN_STYLE = Automatic;
				CURRENT_PROJECT_VERSION = 1;
				GENERATE_INFOPLIST_FILE = YES;
				INFOPLIST_FILE = "iOS (App)/Info.plist";
				INFOPLIST_KEY_CFBundleDisplayName = "Crunchy Watchlist Curator";
				INFOPLIST_KEY_UIApplicationSupportsIndirectInputEvents = YES;
				INFOPLIST_KEY_UILaunchStoryboardName = LaunchScreen;
				INFOPLIST_KEY_UIMainStoryboardFile = Main;
				INFOPLIST_KEY_UISupportedInterfaceOrientations = "UIInterfaceOrientationPortrait UIInterfaceOrientationLandscapeLeft UIInterfaceOrientationLandscapeRight";
				INFOPLIST_KEY_UISupportedInterfaceOrientations_iPad = "UIInterfaceOrientationPortrait UIInterfaceOrientationPortraitUpsideDown UIInterfaceOrientationLandscapeLeft UIInterfaceOrientationLandscapeRight";
				IPHONEOS_DEPLOYMENT_TARGET = 15.0;
				LD_RUNPATH_SEARCH_PATHS = (
					"$(inherited)",
					"@executable_path/Frameworks",
				);
				MARKETING_VERSION = 1.0;
				OTHER_LDFLAGS = (
					"-framework",
					SafariServices,
					"-framework",
					WebKit,
				);
				PRODUCT_BUNDLE_IDENTIFIER = "dev.matthewfrench.CrunchyWatchlistCurator";
				PRODUCT_NAME = "Crunchy Watchlist Curator";
				SDKROOT = iphoneos;
				STRING_CATALOG_GENERATE_SYMBOLS = YES;
				SWIFT_APPROACHABLE_CONCURRENCY = YES;
				SWIFT_DEFAULT_ACTOR_ISOLATION = MainActor;
				SWIFT_EMIT_LOC_STRINGS = YES;
				SWIFT_UPCOMING_FEATURE_MEMBER_IMPORT_VISIBILITY = YES;
				SWIFT_VERSION = 5.0;
				TARGETED_DEVICE_FAMILY = "1,2";
				VALIDATE_PRODUCT = YES;
			};
			name = Release;
		};
		C85B09622F4A30020074A3BE /* Debug */ = {
			isa = XCBuildConfiguration;
			buildSettings = {
				CODE_SIGN_STYLE = Automatic;
				CURRENT_PROJECT_VERSION = 1;
				ENABLE_APP_SANDBOX = YES;
				ENABLE_HARDENED_RUNTIME = YES;
				ENABLE_USER_SELECTED_FILES = readonly;
				GENERATE_INFOPLIST_FILE = YES;
				INFOPLIST_FILE = "macOS (Extension)/Info.plist";
				INFOPLIST_KEY_CFBundleDisplayName = "Crunchy Watchlist Curator Extension";
				INFOPLIST_KEY_NSHumanReadableCopyright = "";
				LD_RUNPATH_SEARCH_PATHS = (
					"$(inherited)",
					"@executable_path/../Frameworks",
					"@executable_path/../../../../Frameworks",
				);
				MACOSX_DEPLOYMENT_TARGET = 10.14;
				MARKETING_VERSION = 1.0;
				OTHER_LDFLAGS = (
					"-framework",
					SafariServices,
				);
				PRODUCT_BUNDLE_IDENTIFIER = "dev.matthewfrench.CrunchyWatchlistCurator.Extension";
				PRODUCT_NAME = "Crunchy Watchlist Curator Extension";
				SDKROOT = macosx;
				SKIP_INSTALL = YES;
				STRING_CATALOG_GENERATE_SYMBOLS = YES;
				SWIFT_APPROACHABLE_CONCURRENCY = YES;
				SWIFT_EMIT_LOC_STRINGS = YES;
				SWIFT_UPCOMING_FEATURE_MEMBER_IMPORT_VISIBILITY = YES;
				SWIFT_VERSION = 5.0;
			};
			name = Debug;
		};
		C85B09632F4A30020074A3BE /* Release */ = {
			isa = XCBuildConfiguration;
			buildSettings = {
				CODE_SIGN_STYLE = Automatic;
				CURRENT_PROJECT_VERSION = 1;
				ENABLE_APP_SANDBOX = YES;
				ENABLE_HARDENED_RUNTIME = YES;
				ENABLE_USER_SELECTED_FILES = readonly;
				GENERATE_INFOPLIST_FILE = YES;
				INFOPLIST_FILE = "macOS (Extension)/Info.plist";
				INFOPLIST_KEY_CFBundleDisplayName = "Crunchy Watchlist Curator Extension";
				INFOPLIST_KEY_NSHumanReadableCopyright = "";
				LD_RUNPATH_SEARCH_PATHS = (
					"$(inherited)",
					"@executable_path/../Frameworks",
					"@executable_path/../../../../Frameworks",
				);
				MACOSX_DEPLOYMENT_TARGET = 10.14;
				MARKETING_VERSION = 1.0;
				OTHER_LDFLAGS = (
					"-framework",
					SafariServices,
				);
				PRODUCT_BUNDLE_IDENTIFIER = "dev.matthewfrench.CrunchyWatchlistCurator.Extension";
				PRODUCT_NAME = "Crunchy Watchlist Curator Extension";
				SDKROOT = macosx;
				SKIP_INSTALL = YES;
				STRING_CATALOG_GENERATE_SYMBOLS = YES;
				SWIFT_APPROACHABLE_CONCURRENCY = YES;
				SWIFT_EMIT_LOC_STRINGS = YES;
				SWIFT_UPCOMING_FEATURE_MEMBER_IMPORT_VISIBILITY = YES;
				SWIFT_VERSION = 5.0;
			};
			name = Release;
		};
		C85B09662F4A30020074A3BE /* Debug */ = {
			isa = XCBuildConfiguration;
			buildSettings = {
				ASSETCATALOG_COMPILER_APPICON_NAME = AppIcon;
				ASSETCATALOG_COMPILER_GLOBAL_ACCENT_COLOR_NAME = AccentColor;
				CODE_SIGN_STYLE = Automatic;
				CURRENT_PROJECT_VERSION = 1;
				ENABLE_APP_SANDBOX = YES;
				ENABLE_HARDENED_RUNTIME = YES;
				ENABLE_OUTGOING_NETWORK_CONNECTIONS = YES;
				ENABLE_USER_SELECTED_FILES = readonly;
				GENERATE_INFOPLIST_FILE = YES;
				INFOPLIST_FILE = "macOS (App)/Info.plist";
				INFOPLIST_KEY_CFBundleDisplayName = "Crunchy Watchlist Curator";
				INFOPLIST_KEY_NSMainStoryboardFile = Main;
				INFOPLIST_KEY_NSPrincipalClass = NSApplication;
				LD_RUNPATH_SEARCH_PATHS = (
					"$(inherited)",
					"@executable_path/../Frameworks",
				);
				MACOSX_DEPLOYMENT_TARGET = 10.14;
				MARKETING_VERSION = 1.0;
				OTHER_LDFLAGS = (
					"-framework",
					SafariServices,
					"-framework",
					WebKit,
				);
				PRODUCT_BUNDLE_IDENTIFIER = "dev.matthewfrench.CrunchyWatchlistCurator";
				PRODUCT_NAME = "Crunchy Watchlist Curator";
				REGISTER_APP_GROUPS = YES;
				SDKROOT = macosx;
				STRING_CATALOG_GENERATE_SYMBOLS = YES;
				SWIFT_APPROACHABLE_CONCURRENCY = YES;
				SWIFT_DEFAULT_ACTOR_ISOLATION = MainActor;
				SWIFT_EMIT_LOC_STRINGS = YES;
				SWIFT_UPCOMING_FEATURE_MEMBER_IMPORT_VISIBILITY = YES;
				SWIFT_VERSION = 5.0;
			};
			name = Debug;
		};
		C85B09672F4A30020074A3BE /* Release */ = {
			isa = XCBuildConfiguration;
			buildSettings = {
				ASSETCATALOG_COMPILER_APPICON_NAME = AppIcon;
				ASSETCATALOG_COMPILER_GLOBAL_ACCENT_COLOR_NAME = AccentColor;
				CODE_SIGN_STYLE = Automatic;
				CURRENT_PROJECT_VERSION = 1;
				ENABLE_APP_SANDBOX = YES;
				ENABLE_HARDENED_RUNTIME = YES;
				ENABLE_OUTGOING_NETWORK_CONNECTIONS = YES;
				ENABLE_USER_SELECTED_FILES = readonly;
				GENERATE_INFOPLIST_FILE = YES;
				INFOPLIST_FILE = "macOS (App)/Info.plist";
				INFOPLIST_KEY_CFBundleDisplayName = "Crunchy Watchlist Curator";
				INFOPLIST_KEY_NSMainStoryboardFile = Main;
				INFOPLIST_KEY_NSPrincipalClass = NSApplication;
				LD_RUNPATH_SEARCH_PATHS = (
					"$(inherited)",
					"@executable_path/../Frameworks",
				);
				MACOSX_DEPLOYMENT_TARGET = 10.14;
				MARKETING_VERSION = 1.0;
				OTHER_LDFLAGS = (
					"-framework",
					SafariServices,
					"-framework",
					WebKit,
				);
				PRODUCT_BUNDLE_IDENTIFIER = "dev.matthewfrench.CrunchyWatchlistCurator";
				PRODUCT_NAME = "Crunchy Watchlist Curator";
				REGISTER_APP_GROUPS = YES;
				SDKROOT = macosx;
				STRING_CATALOG_GENERATE_SYMBOLS = YES;
				SWIFT_APPROACHABLE_CONCURRENCY = YES;
				SWIFT_DEFAULT_ACTOR_ISOLATION = MainActor;
				SWIFT_EMIT_LOC_STRINGS = YES;
				SWIFT_UPCOMING_FEATURE_MEMBER_IMPORT_VISIBILITY = YES;
				SWIFT_VERSION = 5.0;
			};
			name = Release;
		};
/* End XCBuildConfiguration section */

/* Begin XCConfigurationList section */
		C85B090C2F4A30000074A3BE /* Build configuration list for PBXProject "Crunchy Watchlist Curator" */ = {
			isa = XCConfigurationList;
			buildConfigurations = (
				C85B09582F4A30020074A3BE /* Debug */,
				C85B09592F4A30020074A3BE /* Release */,
			);
			defaultConfigurationIsVisible = 0;
			defaultConfigurationName = Release;
		};
		C85B095A2F4A30020074A3BE /* Build configuration list for PBXNativeTarget "Crunchy Watchlist Curator Extension (iOS)" */ = {
			isa = XCConfigurationList;
			buildConfigurations = (
				C85B095B2F4A30020074A3BE /* Debug */,
				C85B095C2F4A30020074A3BE /* Release */,
			);
			defaultConfigurationIsVisible = 0;
			defaultConfigurationName = Release;
		};
		C85B095E2F4A30020074A3BE /* Build configuration list for PBXNativeTarget "Crunchy Watchlist Curator (iOS)" */ = {
			isa = XCConfigurationList;
			buildConfigurations = (
				C85B095F2F4A30020074A3BE /* Debug */,
				C85B09602F4A30020074A3BE /* Release */,
			);
			defaultConfigurationIsVisible = 0;
			defaultConfigurationName = Release;
		};
		C85B09612F4A30020074A3BE /* Build configuration list for PBXNativeTarget "Crunchy Watchlist Curator Extension (macOS)" */ = {
			isa = XCConfigurationList;
			buildConfigurations = (
				C85B09622F4A30020074A3BE /* Debug */,
				C85B09632F4A30020074A3BE /* Release */,
			);
			defaultConfigurationIsVisible = 0;
			defaultConfigurationName = Release;
		};
		C85B09652F4A30020074A3BE /* Build configuration list for PBXNativeTarget "Crunchy Watchlist Curator (macOS)" */ = {
			isa = XCConfigurationList;
			buildConfigurations = (
				C85B09662F4A30020074A3BE /* Debug */,
				C85B09672F4A30020074A3BE /* Release */,
			);
			defaultConfigurationIsVisible = 0;
			defaultConfigurationName = Release;
		};
/* End XCConfigurationList section */
	};
	rootObject = C85B09092F4A30000074A3BE /* Project object */;
}
